// !$*UTF8*$!
{
	archiveVersion = 1;
	classes = {
	};
	objectVersion = 46;
	objects = {

/* Begin PBXBuildFile section */
		67F8A3901C507DF700B9D068 /* main.m in Sources */ = {isa = PBXBuildFile; fileRef = 67F8A38F1C507DF700B9D068 /* main.m */; };
		67F8A3931C507DF700B9D068 /* AppDelegate.m in Sources */ = {isa = PBXBuildFile; fileRef = 67F8A3921C507DF700B9D068 /* AppDelegate.m */; };
		67F8A3961C507DF700B9D068 /* ViewController.m in Sources */ = {isa = PBXBuildFile; fileRef = 67F8A3951C507DF700B9D068 /* ViewController.m */; };
		67F8A3991C507DF700B9D068 /* Main.storyboard in Resources */ = {isa = PBXBuildFile; fileRef = 67F8A3971C507DF700B9D068 /* Main.storyboard */; };
		67F8A39B1C507DF700B9D068 /* Assets.xcassets in Resources */ = {isa = PBXBuildFile; fileRef = 67F8A39A1C507DF700B9D068 /* Assets.xcassets */; };
		67F8A39E1C507DF700B9D068 /* LaunchScreen.storyboard in Resources */ = {isa = PBXBuildFile; fileRef = 67F8A39C1C507DF700B9D068 /* LaunchScreen.storyboard */; };
		67F8A3A71C507E5300B9D068 /* GLCryptor.m in Sources */ = {isa = PBXBuildFile; fileRef = 67F8A3A61C507E5300B9D068 /* GLCryptor.m */; };
/* End PBXBuildFile section */

/* Begin PBXFileReference section */
		67F8A38B1C507DF700B9D068 /* GLCryptor.app */ = {isa = PBXFileReference; explicitFileType = wrapper.application; includeInIndex = 0; path = GLCryptor.app; sourceTree = BUILT_PRODUCTS_DIR; };
		67F8A38F1C507DF700B9D068 /* main.m */ = {isa = PBXFileReference; lastKnownFileType = sourcecode.c.objc; path = main.m; sourceTree = "<group>"; };
		67F8A3911C507DF700B9D068 /* AppDelegate.h */ = {isa = PBXFileReference; lastKnownFileType = sourcecode.c.h; path = AppDelegate.h; sourceTree = "<group>"; };
		67F8A3921C507DF700B9D068 /* AppDelegate.m */ = {isa = PBXFileReference; lastKnownFileType = sourcecode.c.objc; path = AppDelegate.m; sourceTree = "<group>"; };
		67F8A3941C507DF700B9D068 /* ViewController.h */ = {isa = PBXFileReference; lastKnownFileType = sourcecode.c.h; path = ViewController.h; sourceTree = "<group>"; };
		67F8A3951C507DF700B9D068 /* ViewController.m */ = {isa = PBXFileReference; lastKnownFileType = sourcecode.c.objc; path = ViewController.m; sourceTree = "<group>"; };
		67F8A3981C507DF700B9D068 /* Base */ = {isa = PBXFileReference; lastKnownFileType = file.storyboard; name = Base; path = Base.lproj/Main.storyboard; sourceTree = "<group>"; };
		67F8A39A1C507DF700B9D068 /* Assets.xcassets */ = {isa = PBXFileReference; lastKnownFileType = folder.assetcatalog; path = Assets.xcassets; sourceTree = "<group>"; };
		67F8A39D1C507DF700B9D068 /* Base */ = {isa = PBXFileReference; lastKnownFileType = file.storyboard; name = Base; path = Base.lproj/LaunchScreen.storyboard; sourceTree = "<group>"; };
		67F8A39F1C507DF700B9D068 /* Info.plist */ = {isa = PBXFileReference; lastKnownFileType = text.plist.xml; path = Info.plist; sourceTree = "<group>"; };
		67F8A3A51C507E5300B9D068 /* GLCryptor.h */ = {isa = PBXFileReference; fileEncoding = 4; lastKnownFileType = sourcecode.c.h; path = GLCryptor.h; sourceTree = "<group>"; };
		67F8A3A61C507E5300B9D068 /* GLCryptor.m */ = {isa = PBXFileReference; fileEncoding = 4; lastKnownFileType = sourcecode.c.objc; path = GLCryptor.m; sourceTree = "<group>"; };
/* End PBXFileReference section */

/* Begin PBXFrameworksBuildPhase section */
		67F8A3881C507DF700B9D068 /* Frameworks */ = {
			isa = PBXFrameworksBuildPhase;
			buildActionMask = 2147483647;
			files = (
			);
			runOnlyForDeploymentPostprocessing = 0;
		};
/* End PBXFrameworksBuildPhase section */

/* Begin PBXGroup section */
		67F8A3821C507DF700B9D068 = {
			isa = PBXGroup;
			children = (
				67F8A38D1C507DF700B9D068 /* GLCryptor */,
				67F8A38C1C507DF700B9D068 /* Products */,
			);
			sourceTree = "<group>";
		};
		67F8A38C1C507DF700B9D068 /* Products */ = {
			isa = PBXGroup;
			children = (
				67F8A38B1C507DF700B9D068 /* GLCryptor.app */,
			);
			name = Products;
			sourceTree = "<group>";
		};
		67F8A38D1C507DF700B9D068 /* GLCryptor */ = {
			isa = PBXGroup;
			children = (
				67F8A3911C507DF700B9D068 /* AppDelegate.h */,
				67F8A3921C507DF700B9D068 /* AppDelegate.m */,
				67F8A3941C507DF700B9D068 /* ViewController.h */,
				67F8A3951C507DF700B9D068 /* ViewController.m */,
				67F8A3A51C507E5300B9D068 /* GLCryptor.h */,
				67F8A3A61C507E5300B9D068 /* GLCryptor.m */,
				67F8A3971C507DF700B9D068 /* Main.storyboard */,
				67F8A39A1C507DF700B9D068 /* Assets.xcassets */,
				67F8A39C1C507DF700B9D068 /* LaunchScreen.storyboard */,
				67F8A39F1C507DF700B9D068 /* Info.plist */,
				67F8A38E1C507DF700B9D068 /* Supporting Files */,
			);
			path = GLCryptor;
			sourceTree = "<group>";
		};
		67F8A38E1C507DF700B9D068 /* Supporting Files */ = {
			isa = PBXGroup;
			children = (
				67F8A38F1C507DF700B9D068 /* main.m */,
			);
			name = "Supporting Files";
			sourceTree = "<group>";
		};
/* End PBXGroup section */

/* Begin PBXNativeTarget section */
		67F8A38A1C507DF700B9D068 /* GLCryptor */ = {
			isa = PBXNativeTarget;
			buildConfigurationList = 67F8A3A21C507DF700B9D068 /* Build configuration list for PBXNativeTarget "GLCryptor" */;
			buildPhases = (
				67F8A3871C507DF700B9D068 /* Sources */,
				67F8A3881C507DF700B9D068 /* Frameworks */,
				67F8A3891C507DF700B9D068 /* Resources */,
			);
			buildRules = (
			);
			dependencies = (
			);
			name = GLCryptor;
			productName = GLCryptor;
			productReference = 67F8A38B1C507DF700B9D068 /* GLCryptor.app */;
			productType = "com.apple.product-type.application";
		};
/* End PBXNativeTarget section */

/* Begin PBXProject section */
		67F8A3831C507DF700B9D068 /* Project object */ = {
			isa = PBXProject;
			attributes = {
				LastUpgradeCheck = 0720;
				ORGANIZATIONNAME = Grey.Luo;
				TargetAttributes = {
					67F8A38A1C507DF700B9D068 = {
						CreatedOnToolsVersion = 7.2;
					};
				};
			};
			buildConfigurationList = 67F8A3861C507DF700B9D068 /* Build configuration list for PBXProject "GLCryptor" */;
			compatibilityVersion = "Xcode 3.2";
			developmentRegion = English;
			hasScannedForEncodings = 0;
			knownRegions = (
				en,
				Base,
			);
			mainGroup = 67F8A3821C507DF700B9D068;
			productRefGroup = 67F8A38C1C507DF700B9D068 /* Products */;
			projectDirPath = "";
			projectRoot = "";
			targets = (
				67F8A38A1C507DF700B9D068 /* GLCryptor */,
			);
		};
/* End PBXProject section */

/* Begin PBXResourcesBuildPhase section */
		67F8A3891C507DF700B9D068 /* Resources */ = {
			isa = PBXResourcesBuildPhase;
			buildActionMask = 2147483647;
			files = (
				67F8A39E1C507DF700B9D068 /* LaunchScreen.storyboard in Resources */,
				67F8A39B1C507DF700B9D068 /* Assets.xcassets in Resources */,
				67F8A3991C507DF700B9D068 /* Main.storyboard in Resources */,
			);
			runOnlyForDeploymentPostprocessing = 0;
		};
/* End PBXResourcesBuildPhase section */

/* Begin PBXSourcesBuildPhase section */
		67F8A3871C507DF700B9D068 /* Sources */ = {
			isa = PBXSourcesBuildPhase;
			buildActionMask = 2147483647;
			files = (
				67F8A3961C507DF700B9D068 /* ViewController.m in Sources */,
				67F8A3931C507DF700B9D068 /* AppDelegate.m in Sources */,
				67F8A3A71C507E5300B9D068 /* GLCryptor.m in Sources */,
				67F8A3901C507DF700B9D068 /* main.m in Sources */,
			);
			runOnlyForDeploymentPostprocessing = 0;
		};
/* End PBXSourcesBuildPhase section */

/* Begin PBXVariantGroup section */
		67F8A3971C507DF700B9D068 /* Main.storyboard */ = {
			isa = PBXVariantGroup;
			children = (
				67F8A3981C507DF700B9D068 /* Base */,
			);
			name = Main.storyboard;
			sourceTree = "<group>";
		};
		67F8A39C1C507DF700B9D068 /* LaunchScreen.storyboard */ = {
			isa = PBXVariantGroup;
			children = (
				67F8A39D1C507DF700B9D068 /* Base */,
			);
			name = LaunchScreen.storyboard;
			sourceTree = "<group>";
		};
/* End PBXVariantGroup section */

/* Begin XCBuildConfiguration section */
		67F8A3A01C507DF700B9D068 /* Debug */ = {
			isa = XCBuildConfiguration;
			buildSettings = {
				ALWAYS_SEARCH_USER_PATHS = NO;
				CLANG_CXX_LANGUAGE_STANDARD = "gnu++0x";
				CLANG_CXX_LIBRARY = "libc++";
				CLANG_ENABLE_MODULES = YES;
				CLANG_ENABLE_OBJC_ARC = YES;
				CLANG_WARN_BOOL_CONVERSION = YES;
				CLANG_WARN_CONSTANT_CONVERSION = YES;
				CLANG_WARN_DIRECT_OBJC_ISA_USAGE = YES_ERROR;
				CLANG_WARN_EMPTY_BODY = YES;
				CLANG_WARN_ENUM_CONVERSION = YES;
				CLANG_WARN_INT_CONVERSION = YES;
				CLANG_WARN_OBJC_ROOT_CLASS = YES_ERROR;
				CLANG_WARN_UNREACHABLE_CODE = YES;
				CLANG_WARN__DUPLICATE_METHOD_MATCH = YES;
				"CODE_SIGN_IDENTITY[sdk=iphoneos*]" = "iPhone Developer";
				COPY_PHASE_STRIP = NO;
				DEBUG_INFORMATION_FORMAT = dwarf;
				ENABLE_STRICT_OBJC_MSGSEND = YES;
				ENABLE_TESTABILITY = YES;
				GCC_C_LANGUAGE_STANDARD = gnu99;
				GCC_DYNAMIC_NO_PIC = NO;
				GCC_NO_COMMON_BLOCKS = YES;
				GCC_OPTIMIZATION_LEVEL = 0;
				GCC_PREPROCESSOR_DEFINITIONS = (
					"DEBUG=1",
					"$(inherited)",
				);
				GCC_WARN_64_TO_32_BIT_CONVERSION = YES;
				GCC_WARN_ABOUT_RETURN_TYPE = YES_ERROR;
				GCC_WARN_UNDECLARED_SELECTOR = YES;
				GCC_WARN_UNINITIALIZED_AUTOS = YES_AGGRESSIVE;
				GCC_WARN_UNUSED_FUNCTION = YES;
				GCC_WARN_UNUSED_VARIABLE = YES;
				IPHONEOS_DEPLOYMENT_TARGET = 9.2;
				MTL_ENABLE_DEBUG_INFO = YES;
				ONLY_ACTIVE_ARCH = YES;
				SDKROOT = iphoneos;
			};
			name = Debug;
		};
		67F8A3A11C507DF700B9D068 /* Release */ = {
			isa = XCBuildConfiguration;
			buildSettings = {
				ALWAYS_SEARCH_USER_PATHS = NO;
				CLANG_CXX_LANGUAGE_STANDARD = "gnu++0x";
				CLANG_CXX_LIBRARY = "libc++";
				CLANG_ENABLE_MODULES = YES;
				CLANG_ENABLE_OBJC_ARC = YES;
				CLANG_WARN_BOOL_CONVERSION = YES;
				CLANG_WARN_CONSTANT_CONVERSION = YES;
				CLANG_WARN_DIRECT_OBJC_ISA_USAGE = YES_ERROR;
				CLANG_WARN_EMPTY_BODY = YES;
				CLANG_WARN_ENUM_CONVERSION = YES;
				CLANG_WARN_INT_CONVERSION = YES;
				CLANG_WARN_OBJC_ROOT_CLASS = YES_ERROR;
				CLANG_WARN_UNREACHABLE_CODE = YES;
				CLANG_WARN__DUPLICATE_METHOD_MATCH = YES;
				"CODE_SIGN_IDENTITY[sdk=iphoneos*]" = "iPhone Developer";
				COPY_PHASE_STRIP = NO;
				DEBUG_INFORMATION_FORMAT = "dwarf-with-dsym";
				ENABLE_NS_ASSERTIONS = NO;
				ENABLE_STRICT_OBJC_MSGSEND = YES;
				GCC_C_LANGUAGE_STANDARD = gnu99;
				GCC_NO_COMMON_BLOCKS = YES;
				GCC_WARN_64_TO_32_BIT_CONVERSION = YES;
				GCC_WARN_ABOUT_RETURN_TYPE = YES_ERROR;
				GCC_WARN_UNDECLARED_SELECTOR = YES;
				GCC_WARN_UNINITIALIZED_AUTOS = YES_AGGRESSIVE;
				GCC_WARN_UNUSED_FUNCTION = YES;
				GCC_WARN_UNUSED_VARIABLE = YES;
				IPHONEOS_DEPLOYMENT_TARGET = 9.2;
				MTL_ENABLE_DEBUG_INFO = NO;
				SDKROOT = iphoneos;
				VALIDATE_PRODUCT = YES;
			};
			name = Release;
		};
		67F8A3A31C507DF700B9D068 /* Debug */ = {
			isa = XCBuildConfiguration;
			buildSettings = {
				ASSETCATALOG_COMPILER_APPICON_NAME = AppIcon;
				INFOPLIST_FILE = GLCryptor/Info.plist;
				LD_RUNPATH_SEARCH_PATHS = "$(inherited) @executable_path/Frameworks";
				PRODUCT_BUNDLE_IDENTIFIER = com.weifocusio.GLCryptor;
				PRODUCT_NAME = "$(TARGET_NAME)";
			};
			name = Debug;
		};
		67F8A3A41C507DF700B9D068 /* Release */ = {
			isa = XCBuildConfiguration;
			buildSettings = {
				ASSETCATALOG_COMPILER_APPICON_NAME = AppIcon;
				INFOPLIST_FILE = GLCryptor/Info.plist;
				LD_RUNPATH_SEARCH_PATHS = "$(inherited) @executable_path/Frameworks";
				PRODUCT_BUNDLE_IDENTIFIER = com.weifocusio.GLCryptor;
				PRODUCT_NAME = "$(TARGET_NAME)";
			};
			name = Release;
		};
/* End XCBuildConfiguration section */

/* Begin XCConfigurationList section */
		67F8A3861C507DF700B9D068 /* Build configuration list for PBXProject "GLCryptor" */ = {
			isa = XCConfigurationList;
			buildConfigurations = (
				67F8A3A01C507DF700B9D068 /* Debug */,
				67F8A3A11C507DF700B9D068 /* Release */,
			);
			defaultConfigurationIsVisible = 0;
			defaultConfigurationName = Release;
		};
		67F8A3A21C507DF700B9D068 /* Build configuration list for PBXNativeTarget "GLCryptor" */ = {
			isa = XCConfigurationList;
			buildConfigurations = (
				67F8A3A31C507DF700B9D068 /* Debug */,
				67F8A3A41C507DF700B9D068 /* Release */,
			);
			defaultConfigurationIsVisible = 0;
			defaultConfigurationName = Release;
		};
/* End XCConfigurationList section */
	};
	rootObject = 67F8A3831C507DF700B9D068 /* Project object */;
}
